# This file is automatically @generated by Cargo.
# It is not intended for manual editing.
version = 3

[[package]]
name = "a"
version = "0.1.0"
dependencies = [
 "tokio",
]

[[package]]
name = "b"
version = "0.1.0"

[[package]]
name = "c"
version = "0.1.0"

[[package]]
name = "pin-project-lite"
version = "0.2.9"
source = "registry+https://github.com/rust-lang/crates.io-index"
checksum = "e0a7ae3ac2f1173085d398531c705756c94a4c56843785df85a60c1a0afac116"

[[package]]
name = "tokio"
version = "1.18.1"
source = "registry+https://github.com/rust-lang/crates.io-index"
checksum = "dce653fb475565de9f6fb0614b28bca8df2c430c0cf84bcd9c843f15de5414cc"
dependencies = [
 "pin-project-lite",
]
